
Microsoft Visual Studio Solution File, Format Version 12.00
# Visual Studio 14
VisualStudioVersion = 14.0.25420.1
MinimumVisualStudioVersion = 10.0.40219.1
Project("{FAE04EC0-301F-11D3-BF4B-00C04F79EFBC}") = "Uygulama.Mobile.UI", "Uygulama.Mobile.UI\Uygulama.Mobile.UI\Uygulama.Mobile.UI.csproj", "{73C6C991-5633-40C2-8E0F-7628BC6A6A7E}"
EndProject
Project("{FAE04EC0-301F-11D3-BF4B-00C04F79EFBC}") = "Uygulama.Mobile.UI.Droid", "Uygulama.Mobile.UI\Uygulama.Mobile.UI.Droid\Uygulama.Mobile.UI.Droid.csproj", "{F188856B-F900-49E1-B436-6A232A49AA0B}"
EndProject
Project("{FAE04EC0-301F-11D3-BF4B-00C04F79EFBC}") = "Uygulama.Mobile.UI.iOS", "Uygulama.Mobile.UI\Uygulama.Mobile.UI.iOS\Uygulama.Mobile.UI.iOS.csproj", "{ED94CAE9-795A-42EB-B20F-69B12021F43F}"
EndProject
Project("{FAE04EC0-301F-11D3-BF4B-00C04F79EFBC}") = "Uygulama.Mobile.Model", "Uygulama.Mobile.Model\Uygulama.Mobile.Model.csproj", "{67F9D3A8-F71E-4428-913F-C37AE82CDB24}"
EndProject
Project("{FAE04EC0-301F-11D3-BF4B-00C04F79EFBC}") = "Uygulama.Mobile.BLL", "Uygulama.Mobile.BLL\Uygulama.Mobile.BLL.csproj", "{BD3C9B81-379F-4D4C-A356-3753EE3FF482}"
EndProject
Project("{FAE04EC0-301F-11D3-BF4B-00C04F79EFBC}") = "Uygulama.Mobile.Helpers", "Uygulama.Mobile.Helpers\Uygulama.Mobile.Helpers.csproj", "{5AB9409A-11D7-40DF-B86E-28F25184DC0B}"
EndProject
Global
	GlobalSection(SolutionConfigurationPlatforms) = preSolution
		Ad-Hoc|Any CPU = Ad-Hoc|Any CPU
		Ad-Hoc|iPhone = Ad-Hoc|iPhone
		Ad-Hoc|iPhoneSimulator = Ad-Hoc|iPhoneSimulator
		AppStore|Any CPU = AppStore|Any CPU
		AppStore|iPhone = AppStore|iPhone
		AppStore|iPhoneSimulator = AppStore|iPhoneSimulator
		Debug|Any CPU = Debug|Any CPU
		Debug|iPhone = Debug|iPhone
		Debug|iPhoneSimulator = Debug|iPhoneSimulator
		Release|Any CPU = Release|Any CPU
		Release|iPhone = Release|iPhone
		Release|iPhoneSimulator = Release|iPhoneSimulator
	EndGlobalSection
	GlobalSection(ProjectConfigurationPlatforms) = postSolution
		{73C6C991-5633-40C2-8E0F-7628BC6A6A7E}.Ad-Hoc|Any CPU.ActiveCfg = Release|Any CPU
		{73C6C991-5633-40C2-8E0F-7628BC6A6A7E}.Ad-Hoc|Any CPU.Build.0 = Release|Any CPU
		{73C6C991-5633-40C2-8E0F-7628BC6A6A7E}.Ad-Hoc|iPhone.ActiveCfg = Release|Any CPU
		{73C6C991-5633-40C2-8E0F-7628BC6A6A7E}.Ad-Hoc|iPhone.Build.0 = Release|Any CPU
		{73C6C991-5633-40C2-8E0F-7628BC6A6A7E}.Ad-Hoc|iPhoneSimulator.ActiveCfg = Release|Any CPU
		{73C6C991-5633-40C2-8E0F-7628BC6A6A7E}.Ad-Hoc|iPhoneSimulator.Build.0 = Release|Any CPU
		{73C6C991-5633-40C2-8E0F-7628BC6A6A7E}.AppStore|Any CPU.ActiveCfg = Release|Any CPU
		{73C6C991-5633-40C2-8E0F-7628BC6A6A7E}.AppStore|Any CPU.Build.0 = Release|Any CPU
		{73C6C991-5633-40C2-8E0F-7628BC6A6A7E}.AppStore|iPhone.ActiveCfg = Release|Any CPU
		{73C6C991-5633-40C2-8E0F-7628BC6A6A7E}.AppStore|iPhone.Build.0 = Release|Any CPU
		{73C6C991-5633-40C2-8E0F-7628BC6A6A7E}.AppStore|iPhoneSimulator.ActiveCfg = Release|Any CPU
		{73C6C991-5633-40C2-8E0F-7628BC6A6A7E}.AppStore|iPhoneSimulator.Build.0 = Release|Any CPU
		{73C6C991-5633-40C2-8E0F-7628BC6A6A7E}.Debug|Any CPU.ActiveCfg = Debug|Any CPU
		{73C6C991-5633-40C2-8E0F-7628BC6A6A7E}.Debug|Any CPU.Build.0 = Debug|Any CPU
		{73C6C991-5633-40C2-8E0F-7628BC6A6A7E}.Debug|iPhone.ActiveCfg = Debug|Any CPU
		{73C6C991-5633-40C2-8E0F-7628BC6A6A7E}.Debug|iPhone.Build.0 = Debug|Any CPU
		{73C6C991-5633-40C2-8E0F-7628BC6A6A7E}.Debug|iPhoneSimulator.ActiveCfg = Debug|Any CPU
		{73C6C991-5633-40C2-8E0F-7628BC6A6A7E}.Debug|iPhoneSimulator.Build.0 = Debug|Any CPU
		{73C6C991-5633-40C2-8E0F-7628BC6A6A7E}.Release|Any CPU.ActiveCfg = Release|Any CPU
		{73C6C991-5633-40C2-8E0F-7628BC6A6A7E}.Release|Any CPU.Build.0 = Release|Any CPU
		{73C6C991-5633-40C2-8E0F-7628BC6A6A7E}.Release|iPhone.ActiveCfg = Release|Any CPU
		{73C6C991-5633-40C2-8E0F-7628BC6A6A7E}.Release|iPhone.Build.0 = Release|Any CPU
		{73C6C991-5633-40C2-8E0F-7628BC6A6A7E}.Release|iPhoneSimulator.ActiveCfg = Release|Any CPU
		{73C6C991-5633-40C2-8E0F-7628BC6A6A7E}.Release|iPhoneSimulator.Build.0 = Release|Any CPU
		{F188856B-F900-49E1-B436-6A232A49AA0B}.Ad-Hoc|Any CPU.ActiveCfg = Release|Any CPU
		{F188856B-F900-49E1-B436-6A232A49AA0B}.Ad-Hoc|Any CPU.Build.0 = Release|Any CPU
		{F188856B-F900-49E1-B436-6A232A49AA0B}.Ad-Hoc|Any CPU.Deploy.0 = Release|Any CPU
		{F188856B-F900-49E1-B436-6A232A49AA0B}.Ad-Hoc|iPhone.ActiveCfg = Release|Any CPU
		{F188856B-F900-49E1-B436-6A232A49AA0B}.Ad-Hoc|iPhone.Build.0 = Release|Any CPU
		{F188856B-F900-49E1-B436-6A232A49AA0B}.Ad-Hoc|iPhone.Deploy.0 = Release|Any CPU
		{F188856B-F900-49E1-B436-6A232A49AA0B}.Ad-Hoc|iPhoneSimulator.ActiveCfg = Release|Any CPU
		{F188856B-F900-49E1-B436-6A232A49AA0B}.Ad-Hoc|iPhoneSimulator.Build.0 = Release|Any CPU
		{F188856B-F900-49E1-B436-6A232A49AA0B}.Ad-Hoc|iPhoneSimulator.Deploy.0 = Release|Any CPU
		{F188856B-F900-49E1-B436-6A232A49AA0B}.AppStore|Any CPU.ActiveCfg = Release|Any CPU
		{F188856B-F900-49E1-B436-6A232A49AA0B}.AppStore|Any CPU.Build.0 = Release|Any CPU
		{F188856B-F900-49E1-B436-6A232A49AA0B}.AppStore|Any CPU.Deploy.0 = Release|Any CPU
		{F188856B-F900-49E1-B436-6A232A49AA0B}.AppStore|iPhone.ActiveCfg = Release|Any CPU
		{F188856B-F900-49E1-B436-6A232A49AA0B}.AppStore|iPhone.Build.0 = Release|Any CPU
		{F188856B-F900-49E1-B436-6A232A49AA0B}.AppStore|iPhone.Deploy.0 = Release|Any CPU
		{F188856B-F900-49E1-B436-6A232A49AA0B}.AppStore|iPhoneSimulator.ActiveCfg = Release|Any CPU
		{F188856B-F900-49E1-B436-6A232A49AA0B}.AppStore|iPhoneSimulator.Build.0 = Release|Any CPU
		{F188856B-F900-49E1-B436-6A232A49AA0B}.AppStore|iPhoneSimulator.Deploy.0 = Release|Any CPU
		{F188856B-F900-49E1-B436-6A232A49AA0B}.Debug|Any CPU.ActiveCfg = Debug|Any CPU
		{F188856B-F900-49E1-B436-6A232A49AA0B}.Debug|Any CPU.Build.0 = Debug|Any CPU
		{F188856B-F900-49E1-B436-6A232A49AA0B}.Debug|Any CPU.Deploy.0 = Debug|Any CPU
		{F188856B-F900-49E1-B436-6A232A49AA0B}.Debug|iPhone.ActiveCfg = Debug|Any CPU
		{F188856B-F900-49E1-B436-6A232A49AA0B}.Debug|iPhone.Build.0 = Debug|Any CPU
		{F188856B-F900-49E1-B436-6A232A49AA0B}.Debug|iPhone.Deploy.0 = Debug|Any CPU
		{F188856B-F900-49E1-B436-6A232A49AA0B}.Debug|iPhoneSimulator.ActiveCfg = Debug|Any CPU
		{F188856B-F900-49E1-B436-6A232A49AA0B}.Debug|iPhoneSimulator.Build.0 = Debug|Any CPU
		{F188856B-F900-49E1-B436-6A232A49AA0B}.Debug|iPhoneSimulator.Deploy.0 = Debug|Any CPU
		{F188856B-F900-49E1-B436-6A232A49AA0B}.Release|Any CPU.ActiveCfg = Release|Any CPU
		{F188856B-F900-49E1-B436-6A232A49AA0B}.Release|Any CPU.Build.0 = Release|Any CPU
		{F188856B-F900-49E1-B436-6A232A49AA0B}.Release|Any CPU.Deploy.0 = Release|Any CPU
		{F188856B-F900-49E1-B436-6A232A49AA0B}.Release|iPhone.ActiveCfg = Release|Any CPU
		{F188856B-F900-49E1-B436-6A232A49AA0B}.Release|iPhone.Build.0 = Release|Any CPU
		{F188856B-F900-49E1-B436-6A232A49AA0B}.Release|iPhone.Deploy.0 = Release|Any CPU
		{F188856B-F900-49E1-B436-6A232A49AA0B}.Release|iPhoneSimulator.ActiveCfg = Release|Any CPU
		{F188856B-F900-49E1-B436-6A232A49AA0B}.Release|iPhoneSimulator.Build.0 = Release|Any CPU
		{F188856B-F900-49E1-B436-6A232A49AA0B}.Release|iPhoneSimulator.Deploy.0 = Release|Any CPU
		{ED94CAE9-795A-42EB-B20F-69B12021F43F}.Ad-Hoc|Any CPU.ActiveCfg = Ad-Hoc|iPhone
		{ED94CAE9-795A-42EB-B20F-69B12021F43F}.Ad-Hoc|iPhone.ActiveCfg = Ad-Hoc|iPhone
		{ED94CAE9-795A-42EB-B20F-69B12021F43F}.Ad-Hoc|iPhone.Build.0 = Ad-Hoc|iPhone
		{ED94CAE9-795A-42EB-B20F-69B12021F43F}.Ad-Hoc|iPhoneSimulator.ActiveCfg = Ad-Hoc|iPhoneSimulator
		{ED94CAE9-795A-42EB-B20F-69B12021F43F}.Ad-Hoc|iPhoneSimulator.Build.0 = Ad-Hoc|iPhoneSimulator
		{ED94CAE9-795A-42EB-B20F-69B12021F43F}.AppStore|Any CPU.ActiveCfg = AppStore|iPhone
		{ED94CAE9-795A-42EB-B20F-69B12021F43F}.AppStore|iPhone.ActiveCfg = AppStore|iPhone
		{ED94CAE9-795A-42EB-B20F-69B12021F43F}.AppStore|iPhone.Build.0 = AppStore|iPhone
		{ED94CAE9-795A-42EB-B20F-69B12021F43F}.AppStore|iPhoneSimulator.ActiveCfg = AppStore|iPhoneSimulator
		{ED94CAE9-795A-42EB-B20F-69B12021F43F}.AppStore|iPhoneSimulator.Build.0 = AppStore|iPhoneSimulator
		{ED94CAE9-795A-42EB-B20F-69B12021F43F}.Debug|Any CPU.ActiveCfg = Debug|iPhone
		{ED94CAE9-795A-42EB-B20F-69B12021F43F}.Debug|iPhone.ActiveCfg = Debug|iPhone
		{ED94CAE9-795A-42EB-B20F-69B12021F43F}.Debug|iPhone.Build.0 = Debug|iPhone
		{ED94CAE9-795A-42EB-B20F-69B12021F43F}.Debug|iPhoneSimulator.ActiveCfg = Debug|iPhoneSimulator
		{ED94CAE9-795A-42EB-B20F-69B12021F43F}.Debug|iPhoneSimulator.Build.0 = Debug|iPhoneSimulator
		{ED94CAE9-795A-42EB-B20F-69B12021F43F}.Release|Any CPU.ActiveCfg = Release|iPhone
		{ED94CAE9-795A-42EB-B20F-69B12021F43F}.Release|iPhone.ActiveCfg = Release|iPhone
		{ED94CAE9-795A-42EB-B20F-69B12021F43F}.Release|iPhone.Build.0 = Release|iPhone
		{ED94CAE9-795A-42EB-B20F-69B12021F43F}.Release|iPhoneSimulator.ActiveCfg = Release|iPhoneSimulator
		{ED94CAE9-795A-42EB-B20F-69B12021F43F}.Release|iPhoneSimulator.Build.0 = Release|iPhoneSimulator
		{67F9D3A8-F71E-4428-913F-C37AE82CDB24}.Ad-Hoc|Any CPU.ActiveCfg = Release|Any CPU
		{67F9D3A8-F71E-4428-913F-C37AE82CDB24}.Ad-Hoc|Any CPU.Build.0 = Release|Any CPU
		{67F9D3A8-F71E-4428-913F-C37AE82CDB24}.Ad-Hoc|iPhone.ActiveCfg = Release|Any CPU
		{67F9D3A8-F71E-4428-913F-C37AE82CDB24}.Ad-Hoc|iPhone.Build.0 = Release|Any CPU
		{67F9D3A8-F71E-4428-913F-C37AE82CDB24}.Ad-Hoc|iPhoneSimulator.ActiveCfg = Release|Any CPU
		{67F9D3A8-F71E-4428-913F-C37AE82CDB24}.Ad-Hoc|iPhoneSimulator.Build.0 = Release|Any CPU
		{67F9D3A8-F71E-4428-913F-C37AE82CDB24}.AppStore|Any CPU.ActiveCfg = Release|Any CPU
		{67F9D3A8-F71E-4428-913F-C37AE82CDB24}.AppStore|Any CPU.Build.0 = Release|Any CPU
		{67F9D3A8-F71E-4428-913F-C37AE82CDB24}.AppStore|iPhone.ActiveCfg = Release|Any CPU
		{67F9D3A8-F71E-4428-913F-C37AE82CDB24}.AppStore|iPhone.Build.0 = Release|Any CPU
		{67F9D3A8-F71E-4428-913F-C37AE82CDB24}.AppStore|iPhoneSimulator.ActiveCfg = Release|Any CPU
		{67F9D3A8-F71E-4428-913F-C37AE82CDB24}.AppStore|iPhoneSimulator.Build.0 = Release|Any CPU
		{67F9D3A8-F71E-4428-913F-C37AE82CDB24}.Debug|Any CPU.ActiveCfg = Debug|Any CPU
		{67F9D3A8-F71E-4428-913F-C37AE82CDB24}.Debug|Any CPU.Build.0 = Debug|Any CPU
		{67F9D3A8-F71E-4428-913F-C37AE82CDB24}.Debug|iPhone.ActiveCfg = Debug|Any CPU
		{67F9D3A8-F71E-4428-913F-C37AE82CDB24}.Debug|iPhone.Build.0 = Debug|Any CPU
		{67F9D3A8-F71E-4428-913F-C37AE82CDB24}.Debug|iPhoneSimulator.ActiveCfg = Debug|Any CPU
		{67F9D3A8-F71E-4428-913F-C37AE82CDB24}.Debug|iPhoneSimulator.Build.0 = Debug|Any CPU
		{67F9D3A8-F71E-4428-913F-C37AE82CDB24}.Release|Any CPU.ActiveCfg = Release|Any CPU
		{67F9D3A8-F71E-4428-913F-C37AE82CDB24}.Release|Any CPU.Build.0 = Release|Any CPU
		{67F9D3A8-F71E-4428-913F-C37AE82CDB24}.Release|iPhone.ActiveCfg = Release|Any CPU
		{67F9D3A8-F71E-4428-913F-C37AE82CDB24}.Release|iPhone.Build.0 = Release|Any CPU
		{67F9D3A8-F71E-4428-913F-C37AE82CDB24}.Release|iPhoneSimulator.ActiveCfg = Release|Any CPU
		{67F9D3A8-F71E-4428-913F-C37AE82CDB24}.Release|iPhoneSimulator.Build.0 = Release|Any CPU
		{BD3C9B81-379F-4D4C-A356-3753EE3FF482}.Ad-Hoc|Any CPU.ActiveCfg = Release|Any CPU
		{BD3C9B81-379F-4D4C-A356-3753EE3FF482}.Ad-Hoc|Any CPU.Build.0 = Release|Any CPU
		{BD3C9B81-379F-4D4C-A356-3753EE3FF482}.Ad-Hoc|iPhone.ActiveCfg = Release|Any CPU
		{BD3C9B81-379F-4D4C-A356-3753EE3FF482}.Ad-Hoc|iPhone.Build.0 = Release|Any CPU
		{BD3C9B81-379F-4D4C-A356-3753EE3FF482}.Ad-Hoc|iPhoneSimulator.ActiveCfg = Release|Any CPU
		{BD3C9B81-379F-4D4C-A356-3753EE3FF482}.Ad-Hoc|iPhoneSimulator.Build.0 = Release|Any CPU
		{BD3C9B81-379F-4D4C-A356-3753EE3FF482}.AppStore|Any CPU.ActiveCfg = Release|Any CPU
		{BD3C9B81-379F-4D4C-A356-3753EE3FF482}.AppStore|Any CPU.Build.0 = Release|Any CPU
		{BD3C9B81-379F-4D4C-A356-3753EE3FF482}.AppStore|iPhone.ActiveCfg = Release|Any CPU
		{BD3C9B81-379F-4D4C-A356-3753EE3FF482}.AppStore|iPhone.Build.0 = Release|Any CPU
		{BD3C9B81-379F-4D4C-A356-3753EE3FF482}.AppStore|iPhoneSimulator.ActiveCfg = Release|Any CPU
		{BD3C9B81-379F-4D4C-A356-3753EE3FF482}.AppStore|iPhoneSimulator.Build.0 = Release|Any CPU
		{BD3C9B81-379F-4D4C-A356-3753EE3FF482}.Debug|Any CPU.ActiveCfg = Debug|Any CPU
		{BD3C9B81-379F-4D4C-A356-3753EE3FF482}.Debug|Any CPU.Build.0 = Debug|Any CPU
		{BD3C9B81-379F-4D4C-A356-3753EE3FF482}.Debug|iPhone.ActiveCfg = Debug|Any CPU
		{BD3C9B81-379F-4D4C-A356-3753EE3FF482}.Debug|iPhone.Build.0 = Debug|Any CPU
		{BD3C9B81-379F-4D4C-A356-3753EE3FF482}.Debug|iPhoneSimulator.ActiveCfg = Debug|Any CPU
		{BD3C9B81-379F-4D4C-A356-3753EE3FF482}.Debug|iPhoneSimulator.Build.0 = Debug|Any CPU
		{BD3C9B81-379F-4D4C-A356-3753EE3FF482}.Release|Any CPU.ActiveCfg = Release|Any CPU
		{BD3C9B81-379F-4D4C-A356-3753EE3FF482}.Release|Any CPU.Build.0 = Release|Any CPU
		{BD3C9B81-379F-4D4C-A356-3753EE3FF482}.Release|iPhone.ActiveCfg = Release|Any CPU
		{BD3C9B81-379F-4D4C-A356-3753EE3FF482}.Release|iPhone.Build.0 = Release|Any CPU
		{BD3C9B81-379F-4D4C-A356-3753EE3FF482}.Release|iPhoneSimulator.ActiveCfg = Release|Any CPU
		{BD3C9B81-379F-4D4C-A356-3753EE3FF482}.Release|iPhoneSimulator.Build.0 = Release|Any CPU
		{5AB9409A-11D7-40DF-B86E-28F25184DC0B}.Ad-Hoc|Any CPU.ActiveCfg = Release|Any CPU
		{5AB9409A-11D7-40DF-B86E-28F25184DC0B}.Ad-Hoc|Any CPU.Build.0 = Release|Any CPU
		{5AB9409A-11D7-40DF-B86E-28F25184DC0B}.Ad-Hoc|iPhone.ActiveCfg = Release|Any CPU
		{5AB9409A-11D7-40DF-B86E-28F25184DC0B}.Ad-Hoc|iPhone.Build.0 = Release|Any CPU
		{5AB9409A-11D7-40DF-B86E-28F25184DC0B}.Ad-Hoc|iPhoneSimulator.ActiveCfg = Release|Any CPU
		{5AB9409A-11D7-40DF-B86E-28F25184DC0B}.Ad-Hoc|iPhoneSimulator.Build.0 = Release|Any CPU
		{5AB9409A-11D7-40DF-B86E-28F25184DC0B}.AppStore|Any CPU.ActiveCfg = Release|Any CPU
		{5AB9409A-11D7-40DF-B86E-28F25184DC0B}.AppStore|Any CPU.Build.0 = Release|Any CPU
		{5AB9409A-11D7-40DF-B86E-28F25184DC0B}.AppStore|iPhone.ActiveCfg = Release|Any CPU
		{5AB9409A-11D7-40DF-B86E-28F25184DC0B}.AppStore|iPhone.Build.0 = Release|Any CPU
		{5AB9409A-11D7-40DF-B86E-28F25184DC0B}.AppStore|iPhoneSimulator.ActiveCfg = Release|Any CPU
		{5AB9409A-11D7-40DF-B86E-28F25184DC0B}.AppStore|iPhoneSimulator.Build.0 = Release|Any CPU
		{5AB9409A-11D7-40DF-B86E-28F25184DC0B}.Debug|Any CPU.ActiveCfg = Debug|Any CPU
		{5AB9409A-11D7-40DF-B86E-28F25184DC0B}.Debug|Any CPU.Build.0 = Debug|Any CPU
		{5AB9409A-11D7-40DF-B86E-28F25184DC0B}.Debug|iPhone.ActiveCfg = Debug|Any CPU
		{5AB9409A-11D7-40DF-B86E-28F25184DC0B}.Debug|iPhone.Build.0 = Debug|Any CPU
		{5AB9409A-11D7-40DF-B86E-28F25184DC0B}.Debug|iPhoneSimulator.ActiveCfg = Debug|Any CPU
		{5AB9409A-11D7-40DF-B86E-28F25184DC0B}.Debug|iPhoneSimulator.Build.0 = Debug|Any CPU
		{5AB9409A-11D7-40DF-B86E-28F25184DC0B}.Release|Any CPU.ActiveCfg = Release|Any CPU
		{5AB9409A-11D7-40DF-B86E-28F25184DC0B}.Release|Any CPU.Build.0 = Release|Any CPU
		{5AB9409A-11D7-40DF-B86E-28F25184DC0B}.Release|iPhone.ActiveCfg = Release|Any CPU
		{5AB9409A-11D7-40DF-B86E-28F25184DC0B}.Release|iPhone.Build.0 = Release|Any CPU
		{5AB9409A-11D7-40DF-B86E-28F25184DC0B}.Release|iPhoneSimulator.ActiveCfg = Release|Any CPU
		{5AB9409A-11D7-40DF-B86E-28F25184DC0B}.Release|iPhoneSimulator.Build.0 = Release|Any CPU
	EndGlobalSection
	GlobalSection(SolutionProperties) = preSolution
		HideSolutionNode = FALSE
	EndGlobalSection
EndGlobal
